
Microsoft Visual Studio Solution File, Format Version 12.00
# Visual Studio Version 16
VisualStudioVersion = 16.0.30907.101
MinimumVisualStudioVersion = 10.0.40219.1
Project("{9A19103F-16F7-4668-BE54-9A1E7A4F7556}") = "GPA", "GPA.csproj", "{E142276C-B48F-4CE2-B6E3-6CFEEAD27532}"
EndProject
Project("{FAE04EC0-301F-11D3-BF4B-00C04F79EFBC}") = "TriviaQuiz", "..\TriviaQuiz\TriviaQuiz.csproj", "{5A64EC38-A1AC-47AD-95C6-4BCCC3C98599}"
EndProject
Global
	GlobalSection(SolutionConfigurationPlatforms) = preSolution
		Debug|Any CPU = Debug|Any CPU
		Release|Any CPU = Release|Any CPU
	EndGlobalSection
	GlobalSection(ProjectConfigurationPlatforms) = postSolution
		{E142276C-B48F-4CE2-B6E3-6CFEEAD27532}.Debug|Any CPU.ActiveCfg = Debug|Any CPU
		{E142276C-B48F-4CE2-B6E3-6CFEEAD27532}.Debug|Any CPU.Build.0 = Debug|Any CPU
		{E142276C-B48F-4CE2-B6E3-6CFEEAD27532}.Release|Any CPU.ActiveCfg = Release|Any CPU
		{E142276C-B48F-4CE2-B6E3-6CFEEAD27532}.Release|Any CPU.Build.0 = Release|Any CPU
		{5A64EC38-A1AC-47AD-95C6-4BCCC3C98599}.Debug|Any CPU.ActiveCfg = Debug|Any CPU
		{5A64EC38-A1AC-47AD-95C6-4BCCC3C98599}.Debug|Any CPU.Build.0 = Debug|Any CPU
		{5A64EC38-A1AC-47AD-95C6-4BCCC3C98599}.Release|Any CPU.ActiveCfg = Release|Any CPU
		{5A64EC38-A1AC-47AD-95C6-4BCCC3C98599}.Release|Any CPU.Build.0 = Release|Any CPU
	EndGlobalSection
	GlobalSection(SolutionProperties) = preSolution
		HideSolutionNode = FALSE
	EndGlobalSection
	GlobalSection(ExtensibilityGlobals) = postSolution
		SolutionGuid = {CD8EBEC8-700A-41B9-954D-7618C05C8C0F}
	EndGlobalSection
EndGlobal
